# This file was autogenerated by Stack.
# You should not edit this file by hand.
# For more information, please see the documentation at:
#   https://docs.haskellstack.org/en/stable/lock_files

packages:
- completed:
    commit: d348dcff95f3f1c17289b5ba0a173397d0e005fc
    git: https://github.com/llvm-hs/llvm-hs.git
    name: llvm-hs
    pantry-tree:
      sha256: 7336db96faddbf178009d31aaa1b3d78d3c86d2b3aca352f43c0a1e1048ff50f
      size: 14018
    subdir: llvm-hs
    version: 9.0.1.1
  original:
    commit: d348dcff95f3f1c17289b5ba0a173397d0e005fc
    git: https://github.com/llvm-hs/llvm-hs.git
    subdir: llvm-hs
- completed:
    commit: d348dcff95f3f1c17289b5ba0a173397d0e005fc
    git: https://github.com/llvm-hs/llvm-hs.git
    name: llvm-hs-pure
    pantry-tree:
      sha256: e7a3bddb79062fe63d1a05fd23949d7312032eef06f50dc3b5de7df1fe62be1c
      size: 2652
    subdir: llvm-hs-pure
    version: 9.0.1.1
  original:
    commit: d348dcff95f3f1c17289b5ba0a173397d0e005fc
    git: https://github.com/llvm-hs/llvm-hs.git
    subdir: llvm-hs-pure
snapshots:
- completed:
    sha256: 7430d6db09f2b997efa8ab2e2a67d9637ff8b3a7f79806c5a5cd85ba76ea9253
    size: 558755
    url: https://raw.githubusercontent.com/commercialhaskell/stackage-snapshots/master/nightly/2022/12/17.yaml
  original: nightly-2022-12-17
