# This file was autogenerated by Stack.
# You should not edit this file by hand.
# For more information, please see the documentation at:
#   https://docs.haskellstack.org/en/stable/lock_files

packages:
- completed:
    commit: 423220bffac4990d019fc088c46c5f25310d5a33
    git: https://github.com/llvm-hs/llvm-hs.git
    name: llvm-hs
    pantry-tree:
      sha256: 9b23124e823e5033382960de17f7b2c6a406afc52e6d3c3ac4f08fde382632be
      size: 12781
    subdir: llvm-hs
    version: 12.0.0
  original:
    commit: 423220bffac4990d019fc088c46c5f25310d5a33
    git: https://github.com/llvm-hs/llvm-hs.git
    subdir: llvm-hs
- completed:
    commit: 423220bffac4990d019fc088c46c5f25310d5a33
    git: https://github.com/llvm-hs/llvm-hs.git
    name: llvm-hs-pure
    pantry-tree:
      sha256: cdb0ef9cee5b3569791494c8ac4e1dc5d0fe778f7c9bd2f661e537d1e2ca639b
      size: 2712
    subdir: llvm-hs-pure
    version: 12.0.0
  original:
    commit: 423220bffac4990d019fc088c46c5f25310d5a33
    git: https://github.com/llvm-hs/llvm-hs.git
    subdir: llvm-hs-pure
- completed:
    hackage: megaparsec-9.2.0@sha256:0c272aa13b9f663dbd7b74ef81e9b1f9f05cafde50f5362ce87ffd4913046e0b,3213
    pantry-tree:
      sha256: 7ca5da73a72d6242375e6bf16f6868e16f5f7f02dd27a0ff12cf7a9422cf2c71
      size: 1518
  original:
    hackage: megaparsec-9.2.0@sha256:0c272aa13b9f663dbd7b74ef81e9b1f9f05cafde50f5362ce87ffd4913046e0b,3213
snapshots:
- completed:
    sha256: 9f9fe35c949414146840a985fb228fd397c504d1781b834bfc9ab935f4d27df6
    size: 586923
    url: https://raw.githubusercontent.com/commercialhaskell/stackage-snapshots/master/lts/18/9.yaml
  original: lts-18.9
