# This file was autogenerated by Stack.
# You should not edit this file by hand.
# For more information, please see the documentation at:
#   https://docs.haskellstack.org/en/stable/lock_files

packages:
- completed:
    hackage: cabal-macosx-0.2.4.2@sha256:6794dab50ca2a062b9c54455442ccc3d9d9ffa6dbdb81940597329e3b377436b,3045
    pantry-tree:
      size: 844
      sha256: b1ec74d2cdf16e1cf8dd71ebffbb922099cfa8ad949a5fa07974a645b806f029
  original:
    hackage: cabal-macosx-0.2.4.2@sha256:6794dab50ca2a062b9c54455442ccc3d9d9ffa6dbdb81940597329e3b377436b,3045
snapshots:
- completed:
    size: 565266
    url: https://raw.githubusercontent.com/commercialhaskell/stackage-snapshots/master/lts/17/5.yaml
    sha256: 78e8ebabf11406261abbc95b44f240acf71802630b368888f6d758de7fc3a2f7
  original: lts-17.5
