# This file was autogenerated by Stack.
# You should not edit this file by hand.
# For more information, please see the documentation at:
#   https://docs.haskellstack.org/en/stable/lock_files

packages:
- completed:
    hackage: cabal-macosx-0.2.4.2@sha256:6794dab50ca2a062b9c54455442ccc3d9d9ffa6dbdb81940597329e3b377436b,3045
    pantry-tree:
      size: 844
      sha256: b1ec74d2cdf16e1cf8dd71ebffbb922099cfa8ad949a5fa07974a645b806f029
  original:
    hackage: cabal-macosx-0.2.4.2@sha256:6794dab50ca2a062b9c54455442ccc3d9d9ffa6dbdb81940597329e3b377436b,3045
- completed:
    hackage: megaparsec-9.1.0@sha256:f2ef8a08cc1e3fa6628965732f588e07e886a01f8267310404e31072fa9e802b,3238
    pantry-tree:
      size: 1447
      sha256: 50d4ba02031b8802260a734d5fb1954ac6db1ba99a4c78486d85ace19dc854f4
  original:
    hackage: megaparsec-9.1.0@sha256:f2ef8a08cc1e3fa6628965732f588e07e886a01f8267310404e31072fa9e802b,3238
- completed:
    hackage: scientific-0.3.7.0@sha256:0f188a7b92780d81a2e3cf1195a3a24cfe3e7c43d0e9e0f2101a465803d68076,4773
    pantry-tree:
      size: 657
      sha256: bf2a42f08eea0d1845aaf1d4897b2c9c7d1d7da6ed4a07f481b38224f6be3f3c
  original:
    hackage: scientific-0.3.7.0@sha256:0f188a7b92780d81a2e3cf1195a3a24cfe3e7c43d0e9e0f2101a465803d68076,4773
snapshots:
- completed:
    size: 565266
    url: https://raw.githubusercontent.com/commercialhaskell/stackage-snapshots/master/lts/17/5.yaml
    sha256: 78e8ebabf11406261abbc95b44f240acf71802630b368888f6d758de7fc3a2f7
  original: lts-17.5
