# This file was autogenerated by Stack.
# You should not edit this file by hand.
# For more information, please see the documentation at:
#   https://docs.haskellstack.org/en/stable/lock_files

packages:
- completed:
    hackage: megaparsec-9.1.0@sha256:f2ef8a08cc1e3fa6628965732f588e07e886a01f8267310404e31072fa9e802b,3238
    pantry-tree:
      size: 1447
      sha256: 50d4ba02031b8802260a734d5fb1954ac6db1ba99a4c78486d85ace19dc854f4
  original:
    hackage: megaparsec-9.1.0@sha256:f2ef8a08cc1e3fa6628965732f588e07e886a01f8267310404e31072fa9e802b,3238
snapshots:
- completed:
    size: 586923
    url: https://raw.githubusercontent.com/commercialhaskell/stackage-snapshots/master/lts/18/9.yaml
    sha256: 9f9fe35c949414146840a985fb228fd397c504d1781b834bfc9ab935f4d27df6
  original: lts-18.9
