# This file was autogenerated by Stack.
# You should not edit this file by hand.
# For more information, please see the documentation at:
#   https://docs.haskellstack.org/en/stable/topics/lock_files

packages:
- completed:
    commit: 7e892fbeb761f4adb29d52b5377e6a1869faf48d
    git: https://github.com/matt-noonan/cabal-macosx.git
    name: cabal-macosx
    pantry-tree:
      sha256: 837880385cc2aab898f792a8c872f67ad9c3eb19b42fbc609afa0dbc457a14a3
      size: 1208
    version: 0.2.4.2
  original:
    commit: 7e892fbeb761f4adb29d52b5377e6a1869faf48d
    git: https://github.com/matt-noonan/cabal-macosx.git
- completed:
    commit: de15548c6587891cca9228a8fedf2336c72a5f3b
    git: https://github.com/matt-noonan/wxHaskell-3.2.git
    name: wx
    pantry-tree:
      sha256: 12d813f05399942b914f20b432f2be6479e41e7ca73743c08a94ad82d564eeb8
      size: 1265
    subdir: wx
    version: 0.93.0.0
  original:
    commit: de15548c6587891cca9228a8fedf2336c72a5f3b
    git: https://github.com/matt-noonan/wxHaskell-3.2.git
    subdir: wx
- completed:
    commit: de15548c6587891cca9228a8fedf2336c72a5f3b
    git: https://github.com/matt-noonan/wxHaskell-3.2.git
    name: wxcore
    pantry-tree:
      sha256: 56b73cf9fe203d3ad1762bff0e3f1a42bad759c47fa94a35876b64a93fac1251
      size: 1677
    subdir: wxcore
    version: 0.93.0.0
  original:
    commit: de15548c6587891cca9228a8fedf2336c72a5f3b
    git: https://github.com/matt-noonan/wxHaskell-3.2.git
    subdir: wxcore
- completed:
    commit: de15548c6587891cca9228a8fedf2336c72a5f3b
    git: https://github.com/matt-noonan/wxHaskell-3.2.git
    name: wxdirect
    pantry-tree:
      sha256: eb5323e70cd1f0e984328dd3081075648b9302141952c1a63f67271cc0f9e5a5
      size: 875
    subdir: wxdirect
    version: 0.93.0.0
  original:
    commit: de15548c6587891cca9228a8fedf2336c72a5f3b
    git: https://github.com/matt-noonan/wxHaskell-3.2.git
    subdir: wxdirect
- completed:
    hackage: linear-opengl-0.3.0.0@sha256:6be4fa9b5c89c225bf1ec85f5558876b5491be05f549403c467646552099f7c3,1250
    pantry-tree:
      sha256: 3033bdc03e3a3464a307f061a61be0c333975836b43f7b9f199fca628fe3a39a
      size: 294
  original:
    hackage: linear-opengl-0.3.0.0@sha256:6be4fa9b5c89c225bf1ec85f5558876b5491be05f549403c467646552099f7c3,1250
snapshots:
- completed:
    sha256: 0d0bb681dd5be9b930c8fc070d717aae757b9aed176ae6047d87624b46406816
    size: 726097
    url: https://raw.githubusercontent.com/commercialhaskell/stackage-snapshots/master/lts/24/12.yaml
  original: lts-24.12
